
Microsoft Visual Studio Solution File, Format Version 12.00
# Visual Studio Version 16
VisualStudioVersion = 16.0.30517.126
MinimumVisualStudioVersion = 10.0.40219.1
Project("{FAE04EC0-301F-11D3-BF4B-00C04F79EFBC}") = "MyTodoApp", "MyTodoApp\MyTodoApp.csproj", "{9001BBCD-4005-4634-8C21-AF80395C99EE}"
EndProject
Global
	GlobalSection(SolutionConfigurationPlatforms) = preSolution
		Debug|Any CPU = Debug|Any CPU
		Release|Any CPU = Release|Any CPU
	EndGlobalSection
	GlobalSection(ProjectConfigurationPlatforms) = postSolution
		{9001BBCD-4005-4634-8C21-AF80395C99EE}.Debug|Any CPU.ActiveCfg = Debug|Any CPU
		{9001BBCD-4005-4634-8C21-AF80395C99EE}.Debug|Any CPU.Build.0 = Debug|Any CPU
		{9001BBCD-4005-4634-8C21-AF80395C99EE}.Release|Any CPU.ActiveCfg = Release|Any CPU
		{9001BBCD-4005-4634-8C21-AF80395C99EE}.Release|Any CPU.Build.0 = Release|Any CPU
	EndGlobalSection
	GlobalSection(SolutionProperties) = preSolution
		HideSolutionNode = FALSE
	EndGlobalSection
	GlobalSection(ExtensibilityGlobals) = postSolution
		SolutionGuid = {53C20A35-D7EF-4BC6-8B59-48BD69AE0F13}
	EndGlobalSection
EndGlobal
